// !$*UTF8*$!
{
	archiveVersion = 1;
	classes = {
	};
	objectVersion = 50;
	objects = {

/* Begin PBXBuildFile section */
		D0146FF82680BBBA00F0B690 /* AppDelegate.swift in Sources */ = {isa = PBXBuildFile; fileRef = D0146FF72680BBBA00F0B690 /* AppDelegate.swift */; };
		D0146FFC2680BBBA00F0B690 /* ViewController.swift in Sources */ = {isa = PBXBuildFile; fileRef = D0146FFB2680BBBA00F0B690 /* ViewController.swift */; };
		D01470012680BBC100F0B690 /* Assets.xcassets in Resources */ = {isa = PBXBuildFile; fileRef = D01470002680BBC100F0B690 /* Assets.xcassets */; };
		D01470042680BBC100F0B690 /* LaunchScreen.storyboard in Resources */ = {isa = PBXBuildFile; fileRef = D01470022680BBC100F0B690 /* LaunchScreen.storyboard */; };
		D01470172680F23A00F0B690 /* CustomCollectionViewCell.swift in Sources */ = {isa = PBXBuildFile; fileRef = D01470162680F23A00F0B690 /* CustomCollectionViewCell.swift */; };
		D014701A2680F44300F0B690 /* FilterModel.swift in Sources */ = {isa = PBXBuildFile; fileRef = D01470192680F44300F0B690 /* FilterModel.swift */; };
		D014701E2680F5DC00F0B690 /* FilterService.swift in Sources */ = {isa = PBXBuildFile; fileRef = D014701D2680F5DC00F0B690 /* FilterService.swift */; };
/* End PBXBuildFile section */

/* Begin PBXFileReference section */
		D0146FF42680BBBA00F0B690 /* Lecture19Homework.app */ = {isa = PBXFileReference; explicitFileType = wrapper.application; includeInIndex = 0; path = Lecture19Homework.app; sourceTree = BUILT_PRODUCTS_DIR; };
		D0146FF72680BBBA00F0B690 /* AppDelegate.swift */ = {isa = PBXFileReference; lastKnownFileType = sourcecode.swift; path = AppDelegate.swift; sourceTree = "<group>"; };
		D0146FFB2680BBBA00F0B690 /* ViewController.swift */ = {isa = PBXFileReference; lastKnownFileType = sourcecode.swift; path = ViewController.swift; sourceTree = "<group>"; };
		D01470002680BBC100F0B690 /* Assets.xcassets */ = {isa = PBXFileReference; lastKnownFileType = folder.assetcatalog; path = Assets.xcassets; sourceTree = "<group>"; };
		D01470032680BBC100F0B690 /* Base */ = {isa = PBXFileReference; lastKnownFileType = file.storyboard; name = Base; path = Base.lproj/LaunchScreen.storyboard; sourceTree = "<group>"; };
		D01470052680BBC100F0B690 /* Info.plist */ = {isa = PBXFileReference; lastKnownFileType = text.plist.xml; path = Info.plist; sourceTree = "<group>"; };
		D01470162680F23A00F0B690 /* CustomCollectionViewCell.swift */ = {isa = PBXFileReference; lastKnownFileType = sourcecode.swift; path = CustomCollectionViewCell.swift; sourceTree = "<group>"; };
		D01470192680F44300F0B690 /* FilterModel.swift */ = {isa = PBXFileReference; lastKnownFileType = sourcecode.swift; path = FilterModel.swift; sourceTree = "<group>"; };
		D014701D2680F5DC00F0B690 /* FilterService.swift */ = {isa = PBXFileReference; lastKnownFileType = sourcecode.swift; path = FilterService.swift; sourceTree = "<group>"; };
/* End PBXFileReference section */

/* Begin PBXFrameworksBuildPhase section */
		D0146FF12680BBBA00F0B690 /* Frameworks */ = {
			isa = PBXFrameworksBuildPhase;
			buildActionMask = 2147483647;
			files = (
			);
			runOnlyForDeploymentPostprocessing = 0;
		};
/* End PBXFrameworksBuildPhase section */

/* Begin PBXGroup section */
		D0146FEB2680BBBA00F0B690 = {
			isa = PBXGroup;
			children = (
				D0146FF62680BBBA00F0B690 /* Lecture19Homework */,
				D0146FF52680BBBA00F0B690 /* Products */,
			);
			sourceTree = "<group>";
		};
		D0146FF52680BBBA00F0B690 /* Products */ = {
			isa = PBXGroup;
			children = (
				D0146FF42680BBBA00F0B690 /* Lecture19Homework.app */,
			);
			name = Products;
			sourceTree = "<group>";
		};
		D0146FF62680BBBA00F0B690 /* Lecture19Homework */ = {
			isa = PBXGroup;
			children = (
				D01470112680F0E000F0B690 /* Models */,
				D01470122680F0F200F0B690 /* Views */,
				D01470132680F0FE00F0B690 /* Controllers */,
				D014701C2680F5C900F0B690 /* Services */,
				D01470142680F10E00F0B690 /* Supporting Files */,
				D01470052680BBC100F0B690 /* Info.plist */,
			);
			path = Lecture19Homework;
			sourceTree = "<group>";
		};
		D01470112680F0E000F0B690 /* Models */ = {
			isa = PBXGroup;
			children = (
				D01470192680F44300F0B690 /* FilterModel.swift */,
			);
			path = Models;
			sourceTree = "<group>";
		};
		D01470122680F0F200F0B690 /* Views */ = {
			isa = PBXGroup;
			children = (
				D01470202680F5F500F0B690 /* Cells */,
			);
			path = Views;
			sourceTree = "<group>";
		};
		D01470132680F0FE00F0B690 /* Controllers */ = {
			isa = PBXGroup;
			children = (
				D0146FFB2680BBBA00F0B690 /* ViewController.swift */,
			);
			path = Controllers;
			sourceTree = "<group>";
		};
		D01470142680F10E00F0B690 /* Supporting Files */ = {
			isa = PBXGroup;
			children = (
				D0146FF72680BBBA00F0B690 /* AppDelegate.swift */,
				D01470002680BBC100F0B690 /* Assets.xcassets */,
				D01470022680BBC100F0B690 /* LaunchScreen.storyboard */,
			);
			path = "Supporting Files";
			sourceTree = "<group>";
		};
		D014701C2680F5C900F0B690 /* Services */ = {
			isa = PBXGroup;
			children = (
				D014701D2680F5DC00F0B690 /* FilterService.swift */,
			);
			path = Services;
			sourceTree = "<group>";
		};
		D01470202680F5F500F0B690 /* Cells */ = {
			isa = PBXGroup;
			children = (
				D01470162680F23A00F0B690 /* CustomCollectionViewCell.swift */,
			);
			path = Cells;
			sourceTree = "<group>";
		};
/* End PBXGroup section */

/* Begin PBXNativeTarget section */
		D0146FF32680BBBA00F0B690 /* Lecture19Homework */ = {
			isa = PBXNativeTarget;
			buildConfigurationList = D01470082680BBC100F0B690 /* Build configuration list for PBXNativeTarget "Lecture19Homework" */;
			buildPhases = (
				D0146FF02680BBBA00F0B690 /* Sources */,
				D0146FF12680BBBA00F0B690 /* Frameworks */,
				D0146FF22680BBBA00F0B690 /* Resources */,
			);
			buildRules = (
			);
			dependencies = (
			);
			name = Lecture19Homework;
			productName = Lecture19Homework;
			productReference = D0146FF42680BBBA00F0B690 /* Lecture19Homework.app */;
			productType = "com.apple.product-type.application";
		};
/* End PBXNativeTarget section */

/* Begin PBXProject section */
		D0146FEC2680BBBA00F0B690 /* Project object */ = {
			isa = PBXProject;
			attributes = {
				LastSwiftUpdateCheck = 1240;
				LastUpgradeCheck = 1240;
				TargetAttributes = {
					D0146FF32680BBBA00F0B690 = {
						CreatedOnToolsVersion = 12.4;
					};
				};
			};
			buildConfigurationList = D0146FEF2680BBBA00F0B690 /* Build configuration list for PBXProject "Lecture19Homework" */;
			compatibilityVersion = "Xcode 9.3";
			developmentRegion = en;
			hasScannedForEncodings = 0;
			knownRegions = (
				en,
				Base,
			);
			mainGroup = D0146FEB2680BBBA00F0B690;
			productRefGroup = D0146FF52680BBBA00F0B690 /* Products */;
			projectDirPath = "";
			projectRoot = "";
			targets = (
				D0146FF32680BBBA00F0B690 /* Lecture19Homework */,
			);
		};
/* End PBXProject section */

/* Begin PBXResourcesBuildPhase section */
		D0146FF22680BBBA00F0B690 /* Resources */ = {
			isa = PBXResourcesBuildPhase;
			buildActionMask = 2147483647;
			files = (
				D01470042680BBC100F0B690 /* LaunchScreen.storyboard in Resources */,
				D01470012680BBC100F0B690 /* Assets.xcassets in Resources */,
			);
			runOnlyForDeploymentPostprocessing = 0;
		};
/* End PBXResourcesBuildPhase section */

/* Begin PBXSourcesBuildPhase section */
		D0146FF02680BBBA00F0B690 /* Sources */ = {
			isa = PBXSourcesBuildPhase;
			buildActionMask = 2147483647;
			files = (
				D0146FFC2680BBBA00F0B690 /* ViewController.swift in Sources */,
				D014701E2680F5DC00F0B690 /* FilterService.swift in Sources */,
				D01470172680F23A00F0B690 /* CustomCollectionViewCell.swift in Sources */,
				D0146FF82680BBBA00F0B690 /* AppDelegate.swift in Sources */,
				D014701A2680F44300F0B690 /* FilterModel.swift in Sources */,
			);
			runOnlyForDeploymentPostprocessing = 0;
		};
/* End PBXSourcesBuildPhase section */

/* Begin PBXVariantGroup section */
		D01470022680BBC100F0B690 /* LaunchScreen.storyboard */ = {
			isa = PBXVariantGroup;
			children = (
				D01470032680BBC100F0B690 /* Base */,
			);
			name = LaunchScreen.storyboard;
			sourceTree = "<group>";
		};
/* End PBXVariantGroup section */

/* Begin XCBuildConfiguration section */
		D01470062680BBC100F0B690 /* Debug */ = {
			isa = XCBuildConfiguration;
			buildSettings = {
				ALWAYS_SEARCH_USER_PATHS = NO;
				CLANG_ANALYZER_NONNULL = YES;
				CLANG_ANALYZER_NUMBER_OBJECT_CONVERSION = YES_AGGRESSIVE;
				CLANG_CXX_LANGUAGE_STANDARD = "gnu++14";
				CLANG_CXX_LIBRARY = "libc++";
				CLANG_ENABLE_MODULES = YES;
				CLANG_ENABLE_OBJC_ARC = YES;
				CLANG_ENABLE_OBJC_WEAK = YES;
				CLANG_WARN_BLOCK_CAPTURE_AUTORELEASING = YES;
				CLANG_WARN_BOOL_CONVERSION = YES;
				CLANG_WARN_COMMA = YES;
				CLANG_WARN_CONSTANT_CONVERSION = YES;
				CLANG_WARN_DEPRECATED_OBJC_IMPLEMENTATIONS = YES;
				CLANG_WARN_DIRECT_OBJC_ISA_USAGE = YES_ERROR;
				CLANG_WARN_DOCUMENTATION_COMMENTS = YES;
				CLANG_WARN_EMPTY_BODY = YES;
				CLANG_WARN_ENUM_CONVERSION = YES;
				CLANG_WARN_INFINITE_RECURSION = YES;
				CLANG_WARN_INT_CONVERSION = YES;
				CLANG_WARN_NON_LITERAL_NULL_CONVERSION = YES;
				CLANG_WARN_OBJC_IMPLICIT_RETAIN_SELF = YES;
				CLANG_WARN_OBJC_LITERAL_CONVERSION = YES;
				CLANG_WARN_OBJC_ROOT_CLASS = YES_ERROR;
				CLANG_WARN_QUOTED_INCLUDE_IN_FRAMEWORK_HEADER = YES;
				CLANG_WARN_RANGE_LOOP_ANALYSIS = YES;
				CLANG_WARN_STRICT_PROTOTYPES = YES;
				CLANG_WARN_SUSPICIOUS_MOVE = YES;
				CLANG_WARN_UNGUARDED_AVAILABILITY = YES_AGGRESSIVE;
				CLANG_WARN_UNREACHABLE_CODE = YES;
				CLANG_WARN__DUPLICATE_METHOD_MATCH = YES;
				COPY_PHASE_STRIP = NO;
				DEBUG_INFORMATION_FORMAT = dwarf;
				ENABLE_STRICT_OBJC_MSGSEND = YES;
				ENABLE_TESTABILITY = YES;
				GCC_C_LANGUAGE_STANDARD = gnu11;
				GCC_DYNAMIC_NO_PIC = NO;
				GCC_NO_COMMON_BLOCKS = YES;
				GCC_OPTIMIZATION_LEVEL = 0;
				GCC_PREPROCESSOR_DEFINITIONS = (
					"DEBUG=1",
					"$(inherited)",
				);
				GCC_WARN_64_TO_32_BIT_CONVERSION = YES;
				GCC_WARN_ABOUT_RETURN_TYPE = YES_ERROR;
				GCC_WARN_UNDECLARED_SELECTOR = YES;
				GCC_WARN_UNINITIALIZED_AUTOS = YES_AGGRESSIVE;
				GCC_WARN_UNUSED_FUNCTION = YES;
				GCC_WARN_UNUSED_VARIABLE = YES;
				IPHONEOS_DEPLOYMENT_TARGET = 14.4;
				MTL_ENABLE_DEBUG_INFO = INCLUDE_SOURCE;
				MTL_FAST_MATH = YES;
				ONLY_ACTIVE_ARCH = YES;
				SDKROOT = iphoneos;
				SWIFT_ACTIVE_COMPILATION_CONDITIONS = DEBUG;
				SWIFT_OPTIMIZATION_LEVEL = "-Onone";
			};
			name = Debug;
		};
		D01470072680BBC100F0B690 /* Release */ = {
			isa = XCBuildConfiguration;
			buildSettings = {
				ALWAYS_SEARCH_USER_PATHS = NO;
				CLANG_ANALYZER_NONNULL = YES;
				CLANG_ANALYZER_NUMBER_OBJECT_CONVERSION = YES_AGGRESSIVE;
				CLANG_CXX_LANGUAGE_STANDARD = "gnu++14";
				CLANG_CXX_LIBRARY = "libc++";
				CLANG_ENABLE_MODULES = YES;
				CLANG_ENABLE_OBJC_ARC = YES;
				CLANG_ENABLE_OBJC_WEAK = YES;
				CLANG_WARN_BLOCK_CAPTURE_AUTORELEASING = YES;
				CLANG_WARN_BOOL_CONVERSION = YES;
				CLANG_WARN_COMMA = YES;
				CLANG_WARN_CONSTANT_CONVERSION = YES;
				CLANG_WARN_DEPRECATED_OBJC_IMPLEMENTATIONS = YES;
				CLANG_WARN_DIRECT_OBJC_ISA_USAGE = YES_ERROR;
				CLANG_WARN_DOCUMENTATION_COMMENTS = YES;
				CLANG_WARN_EMPTY_BODY = YES;
				CLANG_WARN_ENUM_CONVERSION = YES;
				CLANG_WARN_INFINITE_RECURSION = YES;
				CLANG_WARN_INT_CONVERSION = YES;
				CLANG_WARN_NON_LITERAL_NULL_CONVERSION = YES;
				CLANG_WARN_OBJC_IMPLICIT_RETAIN_SELF = YES;
				CLANG_WARN_OBJC_LITERAL_CONVERSION = YES;
				CLANG_WARN_OBJC_ROOT_CLASS = YES_ERROR;
				CLANG_WARN_QUOTED_INCLUDE_IN_FRAMEWORK_HEADER = YES;
				CLANG_WARN_RANGE_LOOP_ANALYSIS = YES;
				CLANG_WARN_STRICT_PROTOTYPES = YES;
				CLANG_WARN_SUSPICIOUS_MOVE = YES;
				CLANG_WARN_UNGUARDED_AVAILABILITY = YES_AGGRESSIVE;
				CLANG_WARN_UNREACHABLE_CODE = YES;
				CLANG_WARN__DUPLICATE_METHOD_MATCH = YES;
				COPY_PHASE_STRIP = NO;
				DEBUG_INFORMATION_FORMAT = "dwarf-with-dsym";
				ENABLE_NS_ASSERTIONS = NO;
				ENABLE_STRICT_OBJC_MSGSEND = YES;
				GCC_C_LANGUAGE_STANDARD = gnu11;
				GCC_NO_COMMON_BLOCKS = YES;
				GCC_WARN_64_TO_32_BIT_CONVERSION = YES;
				GCC_WARN_ABOUT_RETURN_TYPE = YES_ERROR;
				GCC_WARN_UNDECLARED_SELECTOR = YES;
				GCC_WARN_UNINITIALIZED_AUTOS = YES_AGGRESSIVE;
				GCC_WARN_UNUSED_FUNCTION = YES;
				GCC_WARN_UNUSED_VARIABLE = YES;
				IPHONEOS_DEPLOYMENT_TARGET = 14.4;
				MTL_ENABLE_DEBUG_INFO = NO;
				MTL_FAST_MATH = YES;
				SDKROOT = iphoneos;
				SWIFT_COMPILATION_MODE = wholemodule;
				SWIFT_OPTIMIZATION_LEVEL = "-O";
				VALIDATE_PRODUCT = YES;
			};
			name = Release;
		};
		D01470092680BBC100F0B690 /* Debug */ = {
			isa = XCBuildConfiguration;
			buildSettings = {
				ASSETCATALOG_COMPILER_APPICON_NAME = AppIcon;
				ASSETCATALOG_COMPILER_GLOBAL_ACCENT_COLOR_NAME = AccentColor;
				CODE_SIGN_STYLE = Automatic;
				DEVELOPMENT_TEAM = YKJ7WX469T;
				INFOPLIST_FILE = Lecture19Homework/Info.plist;
				IPHONEOS_DEPLOYMENT_TARGET = 14.3;
				LD_RUNPATH_SEARCH_PATHS = (
					"$(inherited)",
					"@executable_path/Frameworks",
				);
				PRODUCT_BUNDLE_IDENTIFIER = egormezhin.com.Lecture19Homework;
				PRODUCT_NAME = "$(TARGET_NAME)";
				SWIFT_VERSION = 5.0;
				TARGETED_DEVICE_FAMILY = "1,2";
			};
			name = Debug;
		};
		D014700A2680BBC100F0B690 /* Release */ = {
			isa = XCBuildConfiguration;
			buildSettings = {
				ASSETCATALOG_COMPILER_APPICON_NAME = AppIcon;
				ASSETCATALOG_COMPILER_GLOBAL_ACCENT_COLOR_NAME = AccentColor;
				CODE_SIGN_STYLE = Automatic;
				DEVELOPMENT_TEAM = YKJ7WX469T;
				INFOPLIST_FILE = Lecture19Homework/Info.plist;
				IPHONEOS_DEPLOYMENT_TARGET = 14.3;
				LD_RUNPATH_SEARCH_PATHS = (
					"$(inherited)",
					"@executable_path/Frameworks",
				);
				PRODUCT_BUNDLE_IDENTIFIER = egormezhin.com.Lecture19Homework;
				PRODUCT_NAME = "$(TARGET_NAME)";
				SWIFT_VERSION = 5.0;
				TARGETED_DEVICE_FAMILY = "1,2";
			};
			name = Release;
		};
/* End XCBuildConfiguration section */

/* Begin XCConfigurationList section */
		D0146FEF2680BBBA00F0B690 /* Build configuration list for PBXProject "Lecture19Homework" */ = {
			isa = XCConfigurationList;
			buildConfigurations = (
				D01470062680BBC100F0B690 /* Debug */,
				D01470072680BBC100F0B690 /* Release */,
			);
			defaultConfigurationIsVisible = 0;
			defaultConfigurationName = Release;
		};
		D01470082680BBC100F0B690 /* Build configuration list for PBXNativeTarget "Lecture19Homework" */ = {
			isa = XCConfigurationList;
			buildConfigurations = (
				D01470092680BBC100F0B690 /* Debug */,
				D014700A2680BBC100F0B690 /* Release */,
			);
			defaultConfigurationIsVisible = 0;
			defaultConfigurationName = Release;
		};
/* End XCConfigurationList section */
	};
	rootObject = D0146FEC2680BBBA00F0B690 /* Project object */;
}
